
Microsoft Visual Studio Solution File, Format Version 12.00
# Visual Studio Version 17
VisualStudioVersion = 17.0.31903.59
MinimumVisualStudioVersion = 10.0.40219.1
Project("{2150E333-8FDC-42A3-9474-1A3956D46DE8}") = "src", "src", "{FB2267B6-936B-447A-94EC-5269276FC861}"
EndProject
Project("{2150E333-8FDC-42A3-9474-1A3956D46DE8}") = "test", "test", "{8EC03C43-BF77-4343-99CD-A2AA93940D7F}"
EndProject
Project("{FAE04EC0-301F-11D3-BF4B-00C04F79EFBC}") = "AStar.Dev.AspNet.Extensions", "src\AStar.Dev.AspNet.Extensions\AStar.Dev.AspNet.Extensions.csproj", "{FF3C77F7-D580-4B99-B607-2C8801B62CC0}"
EndProject
Project("{FAE04EC0-301F-11D3-BF4B-00C04F79EFBC}") = "AStar.Dev.AspNet.Extensions.Tests.Unit", "test\AStar.Dev.AspNet.Extensions.Tests.Unit\AStar.Dev.AspNet.Extensions.Tests.Unit.csproj", "{05952385-41BA-4971-9D63-21505E8531C4}"
EndProject
Project("{2150E333-8FDC-42A3-9474-1A3956D46DE8}") = ".github", ".github", "{BEB93BEB-EAC0-48EE-A16C-B0DE33EAF7DE}"
	ProjectSection(SolutionItems) = preProject
		.github\dependabot.yml = .github\dependabot.yml
	EndProjectSection
EndProject
Project("{2150E333-8FDC-42A3-9474-1A3956D46DE8}") = "workflows", "workflows", "{604D7D1E-A345-47E2-AEBD-4029B3E45CB0}"
	ProjectSection(SolutionItems) = preProject
		.github\workflows\dotnet.yml = .github\workflows\dotnet.yml
	EndProjectSection
EndProject
Global
	GlobalSection(SolutionConfigurationPlatforms) = preSolution
		Debug|Any CPU = Debug|Any CPU
		Release|Any CPU = Release|Any CPU
	EndGlobalSection
	GlobalSection(SolutionProperties) = preSolution
		HideSolutionNode = FALSE
	EndGlobalSection
	GlobalSection(NestedProjects) = preSolution
		{FF3C77F7-D580-4B99-B607-2C8801B62CC0} = {FB2267B6-936B-447A-94EC-5269276FC861}
		{05952385-41BA-4971-9D63-21505E8531C4} = {8EC03C43-BF77-4343-99CD-A2AA93940D7F}
		{604D7D1E-A345-47E2-AEBD-4029B3E45CB0} = {BEB93BEB-EAC0-48EE-A16C-B0DE33EAF7DE}
	EndGlobalSection
	GlobalSection(ProjectConfigurationPlatforms) = postSolution
		{FF3C77F7-D580-4B99-B607-2C8801B62CC0}.Debug|Any CPU.ActiveCfg = Debug|Any CPU
		{FF3C77F7-D580-4B99-B607-2C8801B62CC0}.Debug|Any CPU.Build.0 = Debug|Any CPU
		{FF3C77F7-D580-4B99-B607-2C8801B62CC0}.Release|Any CPU.ActiveCfg = Release|Any CPU
		{FF3C77F7-D580-4B99-B607-2C8801B62CC0}.Release|Any CPU.Build.0 = Release|Any CPU
		{05952385-41BA-4971-9D63-21505E8531C4}.Debug|Any CPU.ActiveCfg = Debug|Any CPU
		{05952385-41BA-4971-9D63-21505E8531C4}.Debug|Any CPU.Build.0 = Debug|Any CPU
		{05952385-41BA-4971-9D63-21505E8531C4}.Release|Any CPU.ActiveCfg = Release|Any CPU
		{05952385-41BA-4971-9D63-21505E8531C4}.Release|Any CPU.Build.0 = Release|Any CPU
	EndGlobalSection
EndGlobal
