<Solution>
  <Folder Name="/.github/">
    <File Path=".github/dependabot.yml" />
  </Folder>
  <Folder Name="/.github/workflows/">
    <File Path=".github/workflows/dotnet.yml" />
  </Folder>
  <Folder Name="/src/">
    <Project Path="src/AStar.Dev.AspNet.Extensions/AStar.Dev.AspNet.Extensions.csproj" />
  </Folder>
  <Folder Name="/test/">
    <Project Path="test/AStar.Dev.AspNet.Extensions.Tests.Unit/AStar.Dev.AspNet.Extensions.Tests.Unit.csproj" />
  </Folder>
</Solution>
